{
    "_readme": [
        "This file locks the dependencies of your project to a known state",
        "Read more about it at http://getcomposer.org/doc/01-basic-usage.md#composer-lock-the-lock-file"
    ],
    "hash": "da2fc1d466102e1ce36aeedfd2489d8a",
    "packages": [
        {
            "name": "ruckusing/ruckusing-migrations",
            "version": "dev-master",
            "source": {
                "type": "git",
                "url": "http://dev.ufds.lan/git/ruckusing-migrations.git",
                "reference": "98022aa5c1bccf3f905db6d6bbe3da7f1e21b46f"
            },
            "require": {
                "php": ">=5.2.0"
            },
            "require-dev": {
                "phpunit/phpunit": "3.7.*"
            },
            "bin": [
                "ruckus.php"
            ],
            "type": "library",
            "autoload": {
                "psr-0": {
                    "Ruckusing": "lib/",
                    "Task": "lib/"
                }
            },
            "license": [
                "MIT"
            ],
            "authors": [
                {
                    "name": "Cody Caughlan",
                    "email": "codycaughlan@gmail.com",
                    "homepage": "https://github.com/ruckus/ruckusing-migrations/wiki",
                    "role": "Project lead / Developer"
                }
            ],
            "description": "Framework for generating and managing database migrations",
            "homepage": "https://github.com/ruckus/ruckusing-migrations",
            "keywords": [
                "database",
                "migrations",
                "mysql",
                "postgres",
                "rake",
                "ruckusing",
                "task"
            ],
            "support": {
                "email": "codycaughlan@gmail.com",
                "issues": "https://github.com/ruckus/ruckusing-migrations/issues",
                "source": "https://github.com/ruckus/ruckusing-migrations"
            },
            "time": "2013-06-03 07:05:26"
        },
        {
            "name": "ufds/libdatabase",
            "version": "dev-master",
            "source": {
                "type": "git",
                "url": "http://dev.ufds.lan/git/libdatabase.git",
                "reference": "59dbd06ad5f2662ca510d0fbdc706f629646e750"
            },
            "require": {
                "ruckusing/ruckusing-migrations": "dev-master",
                "ufds/libutil": "dev-master"
            },
            "type": "library",
            "license": [
                "UFDS privat"
            ],
            "description": "Generel ORM mapper baseret på PDO",
            "time": "2014-03-12 13:18:32"
        },
        {
            "name": "ufds/libmath",
            "version": "dev-master",
            "source": {
                "type": "git",
                "url": "http://dev.ufds.lan/git/libmath.git",
                "reference": "d48977121128364bbc0a36d4924d9dbc753a898f"
            },
            "require": {
                "ruckusing/ruckusing-migrations": "dev-master",
                "ufds/libdatabase": "dev-master"
            },
            "type": "library",
            "license": [
                "UFDS privat"
            ],
            "description": "UFDS math collection",
            "time": "2014-02-16 09:41:28"
        },
        {
            "name": "ufds/libssoclient",
            "version": "dev-master",
            "source": {
                "type": "git",
                "url": "http://dev.ufds.lan/git/libssoclient.git",
                "reference": "343aa4ad31d886417f4aad1a5b14d51da93c8720"
            },
            "require": {
                "ufds/libutil": "dev-master"
            },
            "type": "library",
            "license": [
                "UFDS privat"
            ],
            "description": "CLient interface to Single Sign On (SSO)",
            "time": "2014-03-11 12:23:07"
        },
        {
            "name": "ufds/libutil",
            "version": "dev-master",
            "source": {
                "type": "git",
                "url": "http://dev.ufds.lan/git/libutil.git",
                "reference": "92f1a7ecac5a696eaf310a336535883be10799c5"
            },
            "type": "library",
            "license": [
                "UFDS privat"
            ],
            "description": "Package of utils",
            "time": "2014-03-10 12:29:53"
        },
        {
            "name": "ufds/libwebui",
            "version": "dev-master",
            "source": {
                "type": "git",
                "url": "http://dev.ufds.lan/git/libwebui.git",
                "reference": "bd07f7c0ff51456018510f375e51bfd16cf80ae8"
            },
            "type": "library",
            "license": [
                "UFDS privat"
            ],
            "description": "Generel webui i dart for apps in UFDS",
            "time": "2014-02-26 20:22:15"
        }
    ],
    "packages-dev": [

    ],
    "aliases": [

    ],
    "minimum-stability": "stable",
    "stability-flags": {
        "ruckusing/ruckusing-migrations": 20,
        "ufds/libdatabase": 20,
        "ufds/libssoclient": 20,
        "ufds/libutil": 20,
        "ufds/libmath": 20,
        "ufds/libwebui": 20
    },
    "platform": [

    ],
    "platform-dev": [

    ]
}
