{
    "_readme": [
        "This file locks the dependencies of your project to a known state",
        "Read more about it at http://getcomposer.org/doc/01-basic-usage.md#composer-lock-the-lock-file",
        "This file is @generated automatically"
    ],
    "hash": "2822bef4abc0bae8276982d83cae14ae",
    "packages": [
        {
            "name": "ruckusing/ruckusing-migrations",
            "version": "dev-master",
            "source": {
                "type": "git",
                "url": "http://dev.ufds.lan/git/ruckusing-migrations.git",
                "reference": "98022aa5c1bccf3f905db6d6bbe3da7f1e21b46f"
            },
            "require": {
                "php": ">=5.2.0"
            },
            "require-dev": {
                "phpunit/phpunit": "3.7.*"
            },
            "bin": [
                "ruckus.php"
            ],
            "type": "library",
            "autoload": {
                "psr-0": {
                    "Ruckusing": "lib/",
                    "Task": "lib/"
                }
            },
            "license": [
                "MIT"
            ],
            "authors": [
                {
                    "name": "Cody Caughlan",
                    "email": "codycaughlan@gmail.com",
                    "homepage": "https://github.com/ruckus/ruckusing-migrations/wiki",
                    "role": "Project lead / Developer"
                }
            ],
            "description": "Framework for generating and managing database migrations",
            "homepage": "https://github.com/ruckus/ruckusing-migrations",
            "keywords": [
                "database",
                "migrations",
                "mysql",
                "postgres",
                "rake",
                "ruckusing",
                "task"
            ],
            "support": {
                "email": "codycaughlan@gmail.com",
                "issues": "https://github.com/ruckus/ruckusing-migrations/issues",
                "source": "https://github.com/ruckus/ruckusing-migrations"
            },
            "time": "2013-06-03 07:05:26"
        },
        {
            "name": "ufds/libdatabase",
            "version": "dev-master",
            "source": {
                "type": "git",
                "url": "http://dev.ufds.lan/git/libdatabase.git",
                "reference": "4f99b31063b455d82a31e6f7eccf5c8e5351c9f8"
            },
            "require": {
                "ruckusing/ruckusing-migrations": "dev-master",
                "ufds/libtypes": "dev-master",
                "ufds/libutil": "dev-master"
            },
            "type": "library",
            "license": [
                "UFDS privat"
            ],
            "description": "Generel ORM mapper baseret på PDO",
            "time": "2014-10-16 08:46:04"
        },
        {
            "name": "ufds/libmath",
            "version": "dev-master",
            "source": {
                "type": "git",
                "url": "http://dev.ufds.lan/git/libmath.git",
                "reference": "2fc7ae04b38aa2c1a99d77e163b6dc57d5e74b9c"
            },
            "require": {
                "ufds/libtypes": "dev-master"
            },
            "type": "library",
            "license": [
                "UFDS privat"
            ],
            "description": "UFDS math collection",
            "time": "2014-11-07 11:00:13"
        },
        {
            "name": "ufds/libssoclient",
            "version": "dev-master",
            "source": {
                "type": "git",
                "url": "http://dev.ufds.lan/git/libssoclient.git",
                "reference": "343aa4ad31d886417f4aad1a5b14d51da93c8720"
            },
            "require": {
                "ufds/libutil": "dev-master"
            },
            "type": "library",
            "license": [
                "UFDS privat"
            ],
            "description": "CLient interface to Single Sign On (SSO)",
            "time": "2014-03-11 12:23:07"
        },
        {
            "name": "ufds/libtypes",
            "version": "dev-master",
            "source": {
                "type": "git",
                "url": "http://dev.ufds.lan/git/libtypes.git",
                "reference": "8873168ccdb43826aafd829548a3b71729a2f60a"
            },
            "type": "library",
            "license": [
                "UFDS privat"
            ],
            "description": "UFDS standard types",
            "time": "2014-10-16 08:09:37"
        },
        {
            "name": "ufds/libutil",
            "version": "dev-master",
            "source": {
                "type": "git",
                "url": "http://dev.ufds.lan/git/libutil.git",
                "reference": "3c49c54ebd5666597b511af7ec7d4fe9c77a82a3"
            },
            "type": "library",
            "license": [
                "UFDS privat"
            ],
            "description": "Package of utils",
            "time": "2014-07-16 07:36:08"
        },
        {
            "name": "ufds/libwebui",
            "version": "dev-master",
            "source": {
                "type": "git",
                "url": "http://dev.ufds.lan/git/libwebui.git",
                "reference": "cd58122e6b9516fc35c9881165268913a41f515a"
            },
            "type": "library",
            "license": [
                "UFDS privat"
            ],
            "description": "Generel webui i dart for apps in UFDS",
            "time": "2014-11-28 12:54:21"
        }
    ],
    "packages-dev": [],
    "aliases": [],
    "minimum-stability": "stable",
    "stability-flags": {
        "ruckusing/ruckusing-migrations": 20,
        "ufds/libdatabase": 20,
        "ufds/libssoclient": 20,
        "ufds/libtypes": 20,
        "ufds/libutil": 20,
        "ufds/libmath": 20,
        "ufds/libwebui": 20
    },
    "prefer-stable": false,
    "platform": [],
    "platform-dev": []
}
