# Generated by pub
# See http://pub.dartlang.org/doc/glossary.html#lockfile
packages:
  browser:
    description: browser
    source: hosted
    version: "0.9.1"
  webui:
    description:
      ref: v1_2
      resolved-ref: "1194fb8f03310be373969a6d7dc26017ee319bc7"
      url: "http://dev/git/ufds/webui.git"
    source: git
    version: "1.2.1"
sdk: ">=0.8.10+6 <2.0.0"
